
Microsoft Visual Studio Solution File, Format Version 12.00
# Visual Studio 15
VisualStudioVersion = 15.0.28307.106
MinimumVisualStudioVersion = 10.0.40219.1
Project("{FAE04EC0-301F-11D3-BF4B-00C04F79EFBC}") = "DateTimeDrill1", "DateTimeDrill1\DateTimeDrill1.csproj", "{9F906322-693A-429D-B9EE-2F0246B2263B}"
EndProject
Global
	GlobalSection(SolutionConfigurationPlatforms) = preSolution
		Debug|Any CPU = Debug|Any CPU
		Release|Any CPU = Release|Any CPU
	EndGlobalSection
	GlobalSection(ProjectConfigurationPlatforms) = postSolution
		{9F906322-693A-429D-B9EE-2F0246B2263B}.Debug|Any CPU.ActiveCfg = Debug|Any CPU
		{9F906322-693A-429D-B9EE-2F0246B2263B}.Debug|Any CPU.Build.0 = Debug|Any CPU
		{9F906322-693A-429D-B9EE-2F0246B2263B}.Release|Any CPU.ActiveCfg = Release|Any CPU
		{9F906322-693A-429D-B9EE-2F0246B2263B}.Release|Any CPU.Build.0 = Release|Any CPU
	EndGlobalSection
	GlobalSection(SolutionProperties) = preSolution
		HideSolutionNode = FALSE
	EndGlobalSection
	GlobalSection(ExtensibilityGlobals) = postSolution
		SolutionGuid = {8D9DFFC6-9AEC-4891-8BA0-FA0DB1274158}
	EndGlobalSection
EndGlobal
