
Microsoft Visual Studio Solution File, Format Version 12.00
# Visual Studio 15
VisualStudioVersion = 15.0.28307.106
MinimumVisualStudioVersion = 10.0.40219.1
Project("{FAE04EC0-301F-11D3-BF4B-00C04F79EFBC}") = "InheritanceDril1", "InheritanceDril1\InheritanceDril1.csproj", "{DADD5235-A41F-454E-A038-2B6223ADAC11}"
EndProject
Global
	GlobalSection(SolutionConfigurationPlatforms) = preSolution
		Debug|Any CPU = Debug|Any CPU
		Release|Any CPU = Release|Any CPU
	EndGlobalSection
	GlobalSection(ProjectConfigurationPlatforms) = postSolution
		{DADD5235-A41F-454E-A038-2B6223ADAC11}.Debug|Any CPU.ActiveCfg = Debug|Any CPU
		{DADD5235-A41F-454E-A038-2B6223ADAC11}.Debug|Any CPU.Build.0 = Debug|Any CPU
		{DADD5235-A41F-454E-A038-2B6223ADAC11}.Release|Any CPU.ActiveCfg = Release|Any CPU
		{DADD5235-A41F-454E-A038-2B6223ADAC11}.Release|Any CPU.Build.0 = Release|Any CPU
	EndGlobalSection
	GlobalSection(SolutionProperties) = preSolution
		HideSolutionNode = FALSE
	EndGlobalSection
	GlobalSection(ExtensibilityGlobals) = postSolution
		SolutionGuid = {C022945A-DD28-4857-B71D-D24CB12ED653}
	EndGlobalSection
EndGlobal
